
Microsoft Visual Studio Solution File, Format Version 12.00
# Visual Studio Version 17
VisualStudioVersion = 17.7.34221.43
MinimumVisualStudioVersion = 10.0.40219.1
Project("{FAE04EC0-301F-11D3-BF4B-00C04F79EFBC}") = "TextProccesing.app", "TextProccesing.app\TextProccesing.app.csproj", "{945F179F-3C01-4CD1-AFA1-AEB0BE862725}"
EndProject
Project("{FAE04EC0-301F-11D3-BF4B-00C04F79EFBC}") = "TextProccesing.lib", "TextProccesing.lib\TextProccesing.lib.csproj", "{B44CC52D-8A10-4B72-AE23-CE96B3F89650}"
EndProject
Global
	GlobalSection(SolutionConfigurationPlatforms) = preSolution
		Debug|Any CPU = Debug|Any CPU
		Release|Any CPU = Release|Any CPU
	EndGlobalSection
	GlobalSection(ProjectConfigurationPlatforms) = postSolution
		{945F179F-3C01-4CD1-AFA1-AEB0BE862725}.Debug|Any CPU.ActiveCfg = Debug|Any CPU
		{945F179F-3C01-4CD1-AFA1-AEB0BE862725}.Debug|Any CPU.Build.0 = Debug|Any CPU
		{945F179F-3C01-4CD1-AFA1-AEB0BE862725}.Release|Any CPU.ActiveCfg = Release|Any CPU
		{945F179F-3C01-4CD1-AFA1-AEB0BE862725}.Release|Any CPU.Build.0 = Release|Any CPU
		{B44CC52D-8A10-4B72-AE23-CE96B3F89650}.Debug|Any CPU.ActiveCfg = Debug|Any CPU
		{B44CC52D-8A10-4B72-AE23-CE96B3F89650}.Debug|Any CPU.Build.0 = Debug|Any CPU
		{B44CC52D-8A10-4B72-AE23-CE96B3F89650}.Release|Any CPU.ActiveCfg = Release|Any CPU
		{B44CC52D-8A10-4B72-AE23-CE96B3F89650}.Release|Any CPU.Build.0 = Release|Any CPU
	EndGlobalSection
	GlobalSection(SolutionProperties) = preSolution
		HideSolutionNode = FALSE
	EndGlobalSection
	GlobalSection(ExtensibilityGlobals) = postSolution
		SolutionGuid = {1EC97532-B4E6-439A-9B13-782B8807278F}
	EndGlobalSection
EndGlobal
